
Microsoft Visual Studio Solution File, Format Version 12.00
# Visual Studio 15
VisualStudioVersion = 15.0.28010.2026
MinimumVisualStudioVersion = 10.0.40219.1
Project("{FAE04EC0-301F-11D3-BF4B-00C04F79EFBC}") = "DemoAppWithDocker", "DemoAppWithDocker\DemoAppWithDocker.csproj", "{C5BB2AFF-6B23-42C4-A234-F1DDBBEBBBF9}"
EndProject
Global
	GlobalSection(SolutionConfigurationPlatforms) = preSolution
		Debug|Any CPU = Debug|Any CPU
		Release|Any CPU = Release|Any CPU
	EndGlobalSection
	GlobalSection(ProjectConfigurationPlatforms) = postSolution
		{C5BB2AFF-6B23-42C4-A234-F1DDBBEBBBF9}.Debug|Any CPU.ActiveCfg = Debug|Any CPU
		{C5BB2AFF-6B23-42C4-A234-F1DDBBEBBBF9}.Debug|Any CPU.Build.0 = Debug|Any CPU
		{C5BB2AFF-6B23-42C4-A234-F1DDBBEBBBF9}.Release|Any CPU.ActiveCfg = Release|Any CPU
		{C5BB2AFF-6B23-42C4-A234-F1DDBBEBBBF9}.Release|Any CPU.Build.0 = Release|Any CPU
	EndGlobalSection
	GlobalSection(SolutionProperties) = preSolution
		HideSolutionNode = FALSE
	EndGlobalSection
	GlobalSection(ExtensibilityGlobals) = postSolution
		SolutionGuid = {1F8E8819-44C1-4128-B1CC-00746467ED4D}
	EndGlobalSection
EndGlobal
